
Microsoft Visual Studio Solution File, Format Version 12.00
# Visual Studio Version 17
VisualStudioVersion = 17.4.33213.308
MinimumVisualStudioVersion = 10.0.40219.1
Project("{FAE04EC0-301F-11D3-BF4B-00C04F79EFBC}") = "POO e interfaces graficas", "POO e interfaces graficas\POO e interfaces graficas.csproj", "{74A701A5-5CC2-4FA9-936B-EC1251D0B625}"
EndProject
Global
	GlobalSection(SolutionConfigurationPlatforms) = preSolution
		Debug|Any CPU = Debug|Any CPU
		Release|Any CPU = Release|Any CPU
	EndGlobalSection
	GlobalSection(ProjectConfigurationPlatforms) = postSolution
		{74A701A5-5CC2-4FA9-936B-EC1251D0B625}.Debug|Any CPU.ActiveCfg = Debug|Any CPU
		{74A701A5-5CC2-4FA9-936B-EC1251D0B625}.Debug|Any CPU.Build.0 = Debug|Any CPU
		{74A701A5-5CC2-4FA9-936B-EC1251D0B625}.Release|Any CPU.ActiveCfg = Release|Any CPU
		{74A701A5-5CC2-4FA9-936B-EC1251D0B625}.Release|Any CPU.Build.0 = Release|Any CPU
	EndGlobalSection
	GlobalSection(SolutionProperties) = preSolution
		HideSolutionNode = FALSE
	EndGlobalSection
	GlobalSection(ExtensibilityGlobals) = postSolution
		SolutionGuid = {022D309F-3079-4F55-B78F-79807DC49F10}
	EndGlobalSection
EndGlobal
