
Microsoft Visual Studio Solution File, Format Version 12.00
# Visual Studio Version 17
VisualStudioVersion = 17.4.33213.308
MinimumVisualStudioVersion = 10.0.40219.1
Project("{FAE04EC0-301F-11D3-BF4B-00C04F79EFBC}") = "POO 1", "POO 1\POO 1.csproj", "{FF1ED6FC-56AE-4C28-B0D4-3C9CEF4199B8}"
EndProject
Global
	GlobalSection(SolutionConfigurationPlatforms) = preSolution
		Debug|Any CPU = Debug|Any CPU
		Release|Any CPU = Release|Any CPU
	EndGlobalSection
	GlobalSection(ProjectConfigurationPlatforms) = postSolution
		{FF1ED6FC-56AE-4C28-B0D4-3C9CEF4199B8}.Debug|Any CPU.ActiveCfg = Debug|Any CPU
		{FF1ED6FC-56AE-4C28-B0D4-3C9CEF4199B8}.Debug|Any CPU.Build.0 = Debug|Any CPU
		{FF1ED6FC-56AE-4C28-B0D4-3C9CEF4199B8}.Release|Any CPU.ActiveCfg = Release|Any CPU
		{FF1ED6FC-56AE-4C28-B0D4-3C9CEF4199B8}.Release|Any CPU.Build.0 = Release|Any CPU
	EndGlobalSection
	GlobalSection(SolutionProperties) = preSolution
		HideSolutionNode = FALSE
	EndGlobalSection
	GlobalSection(ExtensibilityGlobals) = postSolution
		SolutionGuid = {33505E2E-37F1-4EA2-B67F-5A9607939EDC}
	EndGlobalSection
EndGlobal
