
Microsoft Visual Studio Solution File, Format Version 12.00
# Visual Studio Version 17
VisualStudioVersion = 17.4.33213.308
MinimumVisualStudioVersion = 10.0.40219.1
Project("{FAE04EC0-301F-11D3-BF4B-00C04F79EFBC}") = "Timer", "Timer\Timer.csproj", "{49181E2E-2DEC-4D37-8558-19F68F9916F0}"
EndProject
Global
	GlobalSection(SolutionConfigurationPlatforms) = preSolution
		Debug|Any CPU = Debug|Any CPU
		Release|Any CPU = Release|Any CPU
	EndGlobalSection
	GlobalSection(ProjectConfigurationPlatforms) = postSolution
		{49181E2E-2DEC-4D37-8558-19F68F9916F0}.Debug|Any CPU.ActiveCfg = Debug|Any CPU
		{49181E2E-2DEC-4D37-8558-19F68F9916F0}.Debug|Any CPU.Build.0 = Debug|Any CPU
		{49181E2E-2DEC-4D37-8558-19F68F9916F0}.Release|Any CPU.ActiveCfg = Release|Any CPU
		{49181E2E-2DEC-4D37-8558-19F68F9916F0}.Release|Any CPU.Build.0 = Release|Any CPU
	EndGlobalSection
	GlobalSection(SolutionProperties) = preSolution
		HideSolutionNode = FALSE
	EndGlobalSection
	GlobalSection(ExtensibilityGlobals) = postSolution
		SolutionGuid = {65E05D2D-5F35-43EC-9E04-64CA1D973859}
	EndGlobalSection
EndGlobal
